// !$*UTF8*$!
{
	archiveVersion = 1;
	classes = {
	};
	objectVersion = 50;
	objects = {

/* Begin PBXBuildFile section */
		E02B28CE23E3902C0091ABDF /* AppDelegate.swift in Sources */ = {isa = PBXBuildFile; fileRef = E02B28CD23E3902C0091ABDF /* AppDelegate.swift */; };
		E02B28D423E3902C0091ABDF /* GameScene.swift in Sources */ = {isa = PBXBuildFile; fileRef = E02B28D323E3902C0091ABDF /* GameScene.swift */; };
		E02B28D623E3902C0091ABDF /* GameViewController.swift in Sources */ = {isa = PBXBuildFile; fileRef = E02B28D523E3902C0091ABDF /* GameViewController.swift */; };
		E02B28D923E3902C0091ABDF /* Main.storyboard in Resources */ = {isa = PBXBuildFile; fileRef = E02B28D723E3902C0091ABDF /* Main.storyboard */; };
		E02B28DB23E390300091ABDF /* Assets.xcassets in Resources */ = {isa = PBXBuildFile; fileRef = E02B28DA23E390300091ABDF /* Assets.xcassets */; };
		E02B28DE23E390300091ABDF /* LaunchScreen.storyboard in Resources */ = {isa = PBXBuildFile; fileRef = E02B28DC23E390300091ABDF /* LaunchScreen.storyboard */; };
		E02B28E623E390980091ABDF /* Smashing-Things.atlas in Resources */ = {isa = PBXBuildFile; fileRef = E02B28E523E390980091ABDF /* Smashing-Things.atlas */; };
		E02B28E823E396DD0091ABDF /* Orange.swift in Sources */ = {isa = PBXBuildFile; fileRef = E02B28E723E396DD0091ABDF /* Orange.swift */; };
		E08EDE2223EA2B8100B733E7 /* Level-2.sks in Resources */ = {isa = PBXBuildFile; fileRef = E08EDE2123EA2B8100B733E7 /* Level-2.sks */; };
/* End PBXBuildFile section */

/* Begin PBXFileReference section */
		E02B28CA23E3902C0091ABDF /* OrangeTree.app */ = {isa = PBXFileReference; explicitFileType = wrapper.application; includeInIndex = 0; path = OrangeTree.app; sourceTree = BUILT_PRODUCTS_DIR; };
		E02B28CD23E3902C0091ABDF /* AppDelegate.swift */ = {isa = PBXFileReference; lastKnownFileType = sourcecode.swift; path = AppDelegate.swift; sourceTree = "<group>"; };
		E02B28D323E3902C0091ABDF /* GameScene.swift */ = {isa = PBXFileReference; lastKnownFileType = sourcecode.swift; path = GameScene.swift; sourceTree = "<group>"; };
		E02B28D523E3902C0091ABDF /* GameViewController.swift */ = {isa = PBXFileReference; lastKnownFileType = sourcecode.swift; path = GameViewController.swift; sourceTree = "<group>"; };
		E02B28D823E3902C0091ABDF /* Base */ = {isa = PBXFileReference; lastKnownFileType = file.storyboard; name = Base; path = Base.lproj/Main.storyboard; sourceTree = "<group>"; };
		E02B28DA23E390300091ABDF /* Assets.xcassets */ = {isa = PBXFileReference; lastKnownFileType = folder.assetcatalog; path = Assets.xcassets; sourceTree = "<group>"; };
		E02B28DD23E390300091ABDF /* Base */ = {isa = PBXFileReference; lastKnownFileType = file.storyboard; name = Base; path = Base.lproj/LaunchScreen.storyboard; sourceTree = "<group>"; };
		E02B28DF23E390300091ABDF /* Info.plist */ = {isa = PBXFileReference; lastKnownFileType = text.plist.xml; path = Info.plist; sourceTree = "<group>"; };
		E02B28E523E390980091ABDF /* Smashing-Things.atlas */ = {isa = PBXFileReference; lastKnownFileType = folder.skatlas; path = "Smashing-Things.atlas"; sourceTree = "<group>"; };
		E02B28E723E396DD0091ABDF /* Orange.swift */ = {isa = PBXFileReference; lastKnownFileType = sourcecode.swift; path = Orange.swift; sourceTree = "<group>"; };
		E08EDE2023EA2AEC00B733E7 /* Level-1.sks */ = {isa = PBXFileReference; lastKnownFileType = file.sks; path = "Level-1.sks"; sourceTree = "<group>"; };
		E08EDE2123EA2B8100B733E7 /* Level-2.sks */ = {isa = PBXFileReference; lastKnownFileType = file.sks; path = "Level-2.sks"; sourceTree = "<group>"; };
		E08EDE2323EA2FAF00B733E7 /* Level-3.sks */ = {isa = PBXFileReference; lastKnownFileType = file.sks; path = "Level-3.sks"; sourceTree = "<group>"; };
/* End PBXFileReference section */

/* Begin PBXFrameworksBuildPhase section */
		E02B28C723E3902C0091ABDF /* Frameworks */ = {
			isa = PBXFrameworksBuildPhase;
			buildActionMask = 2147483647;
			files = (
			);
			runOnlyForDeploymentPostprocessing = 0;
		};
/* End PBXFrameworksBuildPhase section */

/* Begin PBXGroup section */
		E02B28C123E3902C0091ABDF = {
			isa = PBXGroup;
			children = (
				E02B28CC23E3902C0091ABDF /* OrangeTree */,
				E02B28CB23E3902C0091ABDF /* Products */,
			);
			sourceTree = "<group>";
		};
		E02B28CB23E3902C0091ABDF /* Products */ = {
			isa = PBXGroup;
			children = (
				E02B28CA23E3902C0091ABDF /* OrangeTree.app */,
			);
			name = Products;
			sourceTree = "<group>";
		};
		E02B28CC23E3902C0091ABDF /* OrangeTree */ = {
			isa = PBXGroup;
			children = (
				E02B28E523E390980091ABDF /* Smashing-Things.atlas */,
				E02B28CD23E3902C0091ABDF /* AppDelegate.swift */,
				E02B28D323E3902C0091ABDF /* GameScene.swift */,
				E02B28D523E3902C0091ABDF /* GameViewController.swift */,
				E02B28E723E396DD0091ABDF /* Orange.swift */,
				E08EDE2023EA2AEC00B733E7 /* Level-1.sks */,
				E08EDE2123EA2B8100B733E7 /* Level-2.sks */,
				E08EDE2323EA2FAF00B733E7 /* Level-3.sks */,
				E02B28D723E3902C0091ABDF /* Main.storyboard */,
				E02B28DA23E390300091ABDF /* Assets.xcassets */,
				E02B28DC23E390300091ABDF /* LaunchScreen.storyboard */,
				E02B28DF23E390300091ABDF /* Info.plist */,
			);
			path = OrangeTree;
			sourceTree = "<group>";
		};
/* End PBXGroup section */

/* Begin PBXNativeTarget section */
		E02B28C923E3902C0091ABDF /* OrangeTree */ = {
			isa = PBXNativeTarget;
			buildConfigurationList = E02B28E223E390300091ABDF /* Build configuration list for PBXNativeTarget "OrangeTree" */;
			buildPhases = (
				E02B28C623E3902C0091ABDF /* Sources */,
				E02B28C723E3902C0091ABDF /* Frameworks */,
				E02B28C823E3902C0091ABDF /* Resources */,
			);
			buildRules = (
			);
			dependencies = (
			);
			name = OrangeTree;
			productName = OrangeTree;
			productReference = E02B28CA23E3902C0091ABDF /* OrangeTree.app */;
			productType = "com.apple.product-type.application";
		};
/* End PBXNativeTarget section */

/* Begin PBXProject section */
		E02B28C223E3902C0091ABDF /* Project object */ = {
			isa = PBXProject;
			attributes = {
				LastSwiftUpdateCheck = 1130;
				LastUpgradeCheck = 1130;
				ORGANIZATIONNAME = "Make School";
				TargetAttributes = {
					E02B28C923E3902C0091ABDF = {
						CreatedOnToolsVersion = 11.3.1;
					};
				};
			};
			buildConfigurationList = E02B28C523E3902C0091ABDF /* Build configuration list for PBXProject "OrangeTree" */;
			compatibilityVersion = "Xcode 9.3";
			developmentRegion = en;
			hasScannedForEncodings = 0;
			knownRegions = (
				en,
				Base,
			);
			mainGroup = E02B28C123E3902C0091ABDF;
			productRefGroup = E02B28CB23E3902C0091ABDF /* Products */;
			projectDirPath = "";
			projectRoot = "";
			targets = (
				E02B28C923E3902C0091ABDF /* OrangeTree */,
			);
		};
/* End PBXProject section */

/* Begin PBXResourcesBuildPhase section */
		E02B28C823E3902C0091ABDF /* Resources */ = {
			isa = PBXResourcesBuildPhase;
			buildActionMask = 2147483647;
			files = (
				E08EDE2223EA2B8100B733E7 /* Level-2.sks in Resources */,
				E02B28E623E390980091ABDF /* Smashing-Things.atlas in Resources */,
				E02B28D923E3902C0091ABDF /* Main.storyboard in Resources */,
				E02B28DB23E390300091ABDF /* Assets.xcassets in Resources */,
				E02B28DE23E390300091ABDF /* LaunchScreen.storyboard in Resources */,
			);
			runOnlyForDeploymentPostprocessing = 0;
		};
/* End PBXResourcesBuildPhase section */

/* Begin PBXSourcesBuildPhase section */
		E02B28C623E3902C0091ABDF /* Sources */ = {
			isa = PBXSourcesBuildPhase;
			buildActionMask = 2147483647;
			files = (
				E02B28D423E3902C0091ABDF /* GameScene.swift in Sources */,
				E02B28D623E3902C0091ABDF /* GameViewController.swift in Sources */,
				E02B28CE23E3902C0091ABDF /* AppDelegate.swift in Sources */,
				E02B28E823E396DD0091ABDF /* Orange.swift in Sources */,
			);
			runOnlyForDeploymentPostprocessing = 0;
		};
/* End PBXSourcesBuildPhase section */

/* Begin PBXVariantGroup section */
		E02B28D723E3902C0091ABDF /* Main.storyboard */ = {
			isa = PBXVariantGroup;
			children = (
				E02B28D823E3902C0091ABDF /* Base */,
			);
			name = Main.storyboard;
			sourceTree = "<group>";
		};
		E02B28DC23E390300091ABDF /* LaunchScreen.storyboard */ = {
			isa = PBXVariantGroup;
			children = (
				E02B28DD23E390300091ABDF /* Base */,
			);
			name = LaunchScreen.storyboard;
			sourceTree = "<group>";
		};
/* End PBXVariantGroup section */

/* Begin XCBuildConfiguration section */
		E02B28E023E390300091ABDF /* Debug */ = {
			isa = XCBuildConfiguration;
			buildSettings = {
				ALWAYS_SEARCH_USER_PATHS = NO;
				CLANG_ANALYZER_NONNULL = YES;
				CLANG_ANALYZER_NUMBER_OBJECT_CONVERSION = YES_AGGRESSIVE;
				CLANG_CXX_LANGUAGE_STANDARD = "gnu++14";
				CLANG_CXX_LIBRARY = "libc++";
				CLANG_ENABLE_MODULES = YES;
				CLANG_ENABLE_OBJC_ARC = YES;
				CLANG_ENABLE_OBJC_WEAK = YES;
				CLANG_WARN_BLOCK_CAPTURE_AUTORELEASING = YES;
				CLANG_WARN_BOOL_CONVERSION = YES;
				CLANG_WARN_COMMA = YES;
				CLANG_WARN_CONSTANT_CONVERSION = YES;
				CLANG_WARN_DEPRECATED_OBJC_IMPLEMENTATIONS = YES;
				CLANG_WARN_DIRECT_OBJC_ISA_USAGE = YES_ERROR;
				CLANG_WARN_DOCUMENTATION_COMMENTS = YES;
				CLANG_WARN_EMPTY_BODY = YES;
				CLANG_WARN_ENUM_CONVERSION = YES;
				CLANG_WARN_INFINITE_RECURSION = YES;
				CLANG_WARN_INT_CONVERSION = YES;
				CLANG_WARN_NON_LITERAL_NULL_CONVERSION = YES;
				CLANG_WARN_OBJC_IMPLICIT_RETAIN_SELF = YES;
				CLANG_WARN_OBJC_LITERAL_CONVERSION = YES;
				CLANG_WARN_OBJC_ROOT_CLASS = YES_ERROR;
				CLANG_WARN_RANGE_LOOP_ANALYSIS = YES;
				CLANG_WARN_STRICT_PROTOTYPES = YES;
				CLANG_WARN_SUSPICIOUS_MOVE = YES;
				CLANG_WARN_UNGUARDED_AVAILABILITY = YES_AGGRESSIVE;
				CLANG_WARN_UNREACHABLE_CODE = YES;
				CLANG_WARN__DUPLICATE_METHOD_MATCH = YES;
				COPY_PHASE_STRIP = NO;
				DEBUG_INFORMATION_FORMAT = dwarf;
				ENABLE_STRICT_OBJC_MSGSEND = YES;
				ENABLE_TESTABILITY = YES;
				GCC_C_LANGUAGE_STANDARD = gnu11;
				GCC_DYNAMIC_NO_PIC = NO;
				GCC_NO_COMMON_BLOCKS = YES;
				GCC_OPTIMIZATION_LEVEL = 0;
				GCC_PREPROCESSOR_DEFINITIONS = (
					"DEBUG=1",
					"$(inherited)",
				);
				GCC_WARN_64_TO_32_BIT_CONVERSION = YES;
				GCC_WARN_ABOUT_RETURN_TYPE = YES_ERROR;
				GCC_WARN_UNDECLARED_SELECTOR = YES;
				GCC_WARN_UNINITIALIZED_AUTOS = YES_AGGRESSIVE;
				GCC_WARN_UNUSED_FUNCTION = YES;
				GCC_WARN_UNUSED_VARIABLE = YES;
				IPHONEOS_DEPLOYMENT_TARGET = 13.2;
				MTL_ENABLE_DEBUG_INFO = INCLUDE_SOURCE;
				MTL_FAST_MATH = YES;
				ONLY_ACTIVE_ARCH = YES;
				SDKROOT = iphoneos;
				SWIFT_ACTIVE_COMPILATION_CONDITIONS = DEBUG;
				SWIFT_OPTIMIZATION_LEVEL = "-Onone";
			};
			name = Debug;
		};
		E02B28E123E390300091ABDF /* Release */ = {
			isa = XCBuildConfiguration;
			buildSettings = {
				ALWAYS_SEARCH_USER_PATHS = NO;
				CLANG_ANALYZER_NONNULL = YES;
				CLANG_ANALYZER_NUMBER_OBJECT_CONVERSION = YES_AGGRESSIVE;
				CLANG_CXX_LANGUAGE_STANDARD = "gnu++14";
				CLANG_CXX_LIBRARY = "libc++";
				CLANG_ENABLE_MODULES = YES;
				CLANG_ENABLE_OBJC_ARC = YES;
				CLANG_ENABLE_OBJC_WEAK = YES;
				CLANG_WARN_BLOCK_CAPTURE_AUTORELEASING = YES;
				CLANG_WARN_BOOL_CONVERSION = YES;
				CLANG_WARN_COMMA = YES;
				CLANG_WARN_CONSTANT_CONVERSION = YES;
				CLANG_WARN_DEPRECATED_OBJC_IMPLEMENTATIONS = YES;
				CLANG_WARN_DIRECT_OBJC_ISA_USAGE = YES_ERROR;
				CLANG_WARN_DOCUMENTATION_COMMENTS = YES;
				CLANG_WARN_EMPTY_BODY = YES;
				CLANG_WARN_ENUM_CONVERSION = YES;
				CLANG_WARN_INFINITE_RECURSION = YES;
				CLANG_WARN_INT_CONVERSION = YES;
				CLANG_WARN_NON_LITERAL_NULL_CONVERSION = YES;
				CLANG_WARN_OBJC_IMPLICIT_RETAIN_SELF = YES;
				CLANG_WARN_OBJC_LITERAL_CONVERSION = YES;
				CLANG_WARN_OBJC_ROOT_CLASS = YES_ERROR;
				CLANG_WARN_RANGE_LOOP_ANALYSIS = YES;
				CLANG_WARN_STRICT_PROTOTYPES = YES;
				CLANG_WARN_SUSPICIOUS_MOVE = YES;
				CLANG_WARN_UNGUARDED_AVAILABILITY = YES_AGGRESSIVE;
				CLANG_WARN_UNREACHABLE_CODE = YES;
				CLANG_WARN__DUPLICATE_METHOD_MATCH = YES;
				COPY_PHASE_STRIP = NO;
				DEBUG_INFORMATION_FORMAT = "dwarf-with-dsym";
				ENABLE_NS_ASSERTIONS = NO;
				ENABLE_STRICT_OBJC_MSGSEND = YES;
				GCC_C_LANGUAGE_STANDARD = gnu11;
				GCC_NO_COMMON_BLOCKS = YES;
				GCC_WARN_64_TO_32_BIT_CONVERSION = YES;
				GCC_WARN_ABOUT_RETURN_TYPE = YES_ERROR;
				GCC_WARN_UNDECLARED_SELECTOR = YES;
				GCC_WARN_UNINITIALIZED_AUTOS = YES_AGGRESSIVE;
				GCC_WARN_UNUSED_FUNCTION = YES;
				GCC_WARN_UNUSED_VARIABLE = YES;
				IPHONEOS_DEPLOYMENT_TARGET = 13.2;
				MTL_ENABLE_DEBUG_INFO = NO;
				MTL_FAST_MATH = YES;
				SDKROOT = iphoneos;
				SWIFT_COMPILATION_MODE = wholemodule;
				SWIFT_OPTIMIZATION_LEVEL = "-O";
				VALIDATE_PRODUCT = YES;
			};
			name = Release;
		};
		E02B28E323E390300091ABDF /* Debug */ = {
			isa = XCBuildConfiguration;
			buildSettings = {
				ASSETCATALOG_COMPILER_APPICON_NAME = AppIcon;
				CODE_SIGN_STYLE = Automatic;
				INFOPLIST_FILE = OrangeTree/Info.plist;
				LD_RUNPATH_SEARCH_PATHS = (
					"$(inherited)",
					"@executable_path/Frameworks",
				);
				PRODUCT_BUNDLE_IDENTIFIER = com.makeschool.OrangeTree;
				PRODUCT_NAME = "$(TARGET_NAME)";
				SWIFT_VERSION = 5.0;
				TARGETED_DEVICE_FAMILY = 1;
			};
			name = Debug;
		};
		E02B28E423E390300091ABDF /* Release */ = {
			isa = XCBuildConfiguration;
			buildSettings = {
				ASSETCATALOG_COMPILER_APPICON_NAME = AppIcon;
				CODE_SIGN_STYLE = Automatic;
				INFOPLIST_FILE = OrangeTree/Info.plist;
				LD_RUNPATH_SEARCH_PATHS = (
					"$(inherited)",
					"@executable_path/Frameworks",
				);
				PRODUCT_BUNDLE_IDENTIFIER = com.makeschool.OrangeTree;
				PRODUCT_NAME = "$(TARGET_NAME)";
				SWIFT_VERSION = 5.0;
				TARGETED_DEVICE_FAMILY = 1;
			};
			name = Release;
		};
/* End XCBuildConfiguration section */

/* Begin XCConfigurationList section */
		E02B28C523E3902C0091ABDF /* Build configuration list for PBXProject "OrangeTree" */ = {
			isa = XCConfigurationList;
			buildConfigurations = (
				E02B28E023E390300091ABDF /* Debug */,
				E02B28E123E390300091ABDF /* Release */,
			);
			defaultConfigurationIsVisible = 0;
			defaultConfigurationName = Release;
		};
		E02B28E223E390300091ABDF /* Build configuration list for PBXNativeTarget "OrangeTree" */ = {
			isa = XCConfigurationList;
			buildConfigurations = (
				E02B28E323E390300091ABDF /* Debug */,
				E02B28E423E390300091ABDF /* Release */,
			);
			defaultConfigurationIsVisible = 0;
			defaultConfigurationName = Release;
		};
/* End XCConfigurationList section */
	};
	rootObject = E02B28C223E3902C0091ABDF /* Project object */;
}
